{
    "name": "prisma-language-server",
    "version": "31.0.714",
    "lockfileVersion": 2,
    "requires": true,
    "packages": {
        "": {
            "name": "prisma-language-server",
            "version": "31.0.714",
            "license": "Apache-2.0",
            "dependencies": {
                "@prisma/language-server": "^4.0.0"
            }
        },
        "node_modules/@prisma/language-server": {
            "version": "4.0.0",
            "resolved": "https://registry.npmjs.org/@prisma/language-server/-/language-server-4.0.0.tgz",
            "integrity": "sha512-quCggu8eddXtqnXKfi3HvepW/ZGSLKkgNnkGdjGbWvcuM/BuL6YigAw3zHFESKSlCeoKe5xXTgYMeP4CvdXcPw==",
            "dependencies": {
                "@prisma/prisma-fmt-wasm": "3.16.0-49.da41d2bb3406da22087b849f0e911199ba4fbf11",
                "@types/js-levenshtein": "1.1.1",
                "js-levenshtein": "1.1.6",
                "klona": "2.0.5",
                "vscode-languageserver": "8.0.1",
                "vscode-languageserver-textdocument": "1.0.5"
            },
            "bin": {
                "prisma-language-server": "dist/src/bin.js"
            },
            "engines": {
                "node": ">=10"
            }
        },
        "node_modules/@prisma/prisma-fmt-wasm": {
            "version": "3.16.0-49.da41d2bb3406da22087b849f0e911199ba4fbf11",
            "resolved": "https://registry.npmjs.org/@prisma/prisma-fmt-wasm/-/prisma-fmt-wasm-3.16.0-49.da41d2bb3406da22087b849f0e911199ba4fbf11.tgz",
            "integrity": "sha512-kBf9vqXl7/w8lkx/6G0OT6PWhteiLe7twdOd89+3ARoYAaujtiPnNT7dY5671PbZs/zWdBt/QXmQSrBDyyTBHQ=="
        },
        "node_modules/@types/js-levenshtein": {
            "version": "1.1.1",
            "resolved": "https://registry.npmjs.org/@types/js-levenshtein/-/js-levenshtein-1.1.1.tgz",
            "integrity": "sha512-qC4bCqYGy1y/NP7dDVr7KJarn+PbX1nSpwA7JXdu0HxT3QYjO8MJ+cntENtHFVy2dRAyBV23OZ6MxsW1AM1L8g=="
        },
        "node_modules/js-levenshtein": {
            "version": "1.1.6",
            "resolved": "https://registry.npmjs.org/js-levenshtein/-/js-levenshtein-1.1.6.tgz",
            "integrity": "sha512-X2BB11YZtrRqY4EnQcLX5Rh373zbK4alC1FW7D7MBhL2gtcC17cTnr6DmfHZeS0s2rTHjUTMMHfG7gO8SSdw+g==",
            "engines": {
                "node": ">=0.10.0"
            }
        },
        "node_modules/klona": {
            "version": "2.0.5",
            "resolved": "https://registry.npmjs.org/klona/-/klona-2.0.5.tgz",
            "integrity": "sha512-pJiBpiXMbt7dkzXe8Ghj/u4FfXOOa98fPW+bihOJ4SjnoijweJrNThJfd3ifXpXhREjpoF2mZVH1GfS9LV3kHQ==",
            "engines": {
                "node": ">= 8"
            }
        },
        "node_modules/vscode-jsonrpc": {
            "version": "8.0.1",
            "resolved": "https://registry.npmjs.org/vscode-jsonrpc/-/vscode-jsonrpc-8.0.1.tgz",
            "integrity": "sha512-N/WKvghIajmEvXpatSzvTvOIz61ZSmOSa4BRA4pTLi+1+jozquQKP/MkaylP9iB68k73Oua1feLQvH3xQuigiQ==",
            "engines": {
                "node": ">=14.0.0"
            }
        },
        "node_modules/vscode-languageserver": {
            "version": "8.0.1",
            "resolved": "https://registry.npmjs.org/vscode-languageserver/-/vscode-languageserver-8.0.1.tgz",
            "integrity": "sha512-sn7SjBwWm3OlmLtgg7jbM0wBULppyL60rj8K5HF0ny/MzN+GzPBX1kCvYdybhl7UW63V5V5tRVnyB8iwC73lSQ==",
            "dependencies": {
                "vscode-languageserver-protocol": "3.17.1"
            },
            "bin": {
                "installServerIntoExtension": "bin/installServerIntoExtension"
            }
        },
        "node_modules/vscode-languageserver-protocol": {
            "version": "3.17.1",
            "resolved": "https://registry.npmjs.org/vscode-languageserver-protocol/-/vscode-languageserver-protocol-3.17.1.tgz",
            "integrity": "sha512-BNlAYgQoYwlSgDLJhSG+DeA8G1JyECqRzM2YO6tMmMji3Ad9Mw6AW7vnZMti90qlAKb0LqAlJfSVGEdqMMNzKg==",
            "dependencies": {
                "vscode-jsonrpc": "8.0.1",
                "vscode-languageserver-types": "3.17.1"
            }
        },
        "node_modules/vscode-languageserver-textdocument": {
            "version": "1.0.5",
            "resolved": "https://registry.npmjs.org/vscode-languageserver-textdocument/-/vscode-languageserver-textdocument-1.0.5.tgz",
            "integrity": "sha512-1ah7zyQjKBudnMiHbZmxz5bYNM9KKZYz+5VQLj+yr8l+9w3g+WAhCkUkWbhMEdC5u0ub4Ndiye/fDyS8ghIKQg=="
        },
        "node_modules/vscode-languageserver-types": {
            "version": "3.17.1",
            "resolved": "https://registry.npmjs.org/vscode-languageserver-types/-/vscode-languageserver-types-3.17.1.tgz",
            "integrity": "sha512-K3HqVRPElLZVVPtMeKlsyL9aK0GxGQpvtAUTfX4k7+iJ4mc1M+JM+zQwkgGy2LzY0f0IAafe8MKqIkJrxfGGjQ=="
        }
    },
    "dependencies": {
        "@prisma/language-server": {
            "version": "4.0.0",
            "resolved": "https://registry.npmjs.org/@prisma/language-server/-/language-server-4.0.0.tgz",
            "integrity": "sha512-quCggu8eddXtqnXKfi3HvepW/ZGSLKkgNnkGdjGbWvcuM/BuL6YigAw3zHFESKSlCeoKe5xXTgYMeP4CvdXcPw==",
            "requires": {
                "@prisma/prisma-fmt-wasm": "3.16.0-49.da41d2bb3406da22087b849f0e911199ba4fbf11",
                "@types/js-levenshtein": "1.1.1",
                "js-levenshtein": "1.1.6",
                "klona": "2.0.5",
                "vscode-languageserver": "8.0.1",
                "vscode-languageserver-textdocument": "1.0.5"
            }
        },
        "@prisma/prisma-fmt-wasm": {
            "version": "3.16.0-49.da41d2bb3406da22087b849f0e911199ba4fbf11",
            "resolved": "https://registry.npmjs.org/@prisma/prisma-fmt-wasm/-/prisma-fmt-wasm-3.16.0-49.da41d2bb3406da22087b849f0e911199ba4fbf11.tgz",
            "integrity": "sha512-kBf9vqXl7/w8lkx/6G0OT6PWhteiLe7twdOd89+3ARoYAaujtiPnNT7dY5671PbZs/zWdBt/QXmQSrBDyyTBHQ=="
        },
        "@types/js-levenshtein": {
            "version": "1.1.1",
            "resolved": "https://registry.npmjs.org/@types/js-levenshtein/-/js-levenshtein-1.1.1.tgz",
            "integrity": "sha512-qC4bCqYGy1y/NP7dDVr7KJarn+PbX1nSpwA7JXdu0HxT3QYjO8MJ+cntENtHFVy2dRAyBV23OZ6MxsW1AM1L8g=="
        },
        "js-levenshtein": {
            "version": "1.1.6",
            "resolved": "https://registry.npmjs.org/js-levenshtein/-/js-levenshtein-1.1.6.tgz",
            "integrity": "sha512-X2BB11YZtrRqY4EnQcLX5Rh373zbK4alC1FW7D7MBhL2gtcC17cTnr6DmfHZeS0s2rTHjUTMMHfG7gO8SSdw+g=="
        },
        "klona": {
            "version": "2.0.5",
            "resolved": "https://registry.npmjs.org/klona/-/klona-2.0.5.tgz",
            "integrity": "sha512-pJiBpiXMbt7dkzXe8Ghj/u4FfXOOa98fPW+bihOJ4SjnoijweJrNThJfd3ifXpXhREjpoF2mZVH1GfS9LV3kHQ=="
        },
        "vscode-jsonrpc": {
            "version": "8.0.1",
            "resolved": "https://registry.npmjs.org/vscode-jsonrpc/-/vscode-jsonrpc-8.0.1.tgz",
            "integrity": "sha512-N/WKvghIajmEvXpatSzvTvOIz61ZSmOSa4BRA4pTLi+1+jozquQKP/MkaylP9iB68k73Oua1feLQvH3xQuigiQ=="
        },
        "vscode-languageserver": {
            "version": "8.0.1",
            "resolved": "https://registry.npmjs.org/vscode-languageserver/-/vscode-languageserver-8.0.1.tgz",
            "integrity": "sha512-sn7SjBwWm3OlmLtgg7jbM0wBULppyL60rj8K5HF0ny/MzN+GzPBX1kCvYdybhl7UW63V5V5tRVnyB8iwC73lSQ==",
            "requires": {
                "vscode-languageserver-protocol": "3.17.1"
            }
        },
        "vscode-languageserver-protocol": {
            "version": "3.17.1",
            "resolved": "https://registry.npmjs.org/vscode-languageserver-protocol/-/vscode-languageserver-protocol-3.17.1.tgz",
            "integrity": "sha512-BNlAYgQoYwlSgDLJhSG+DeA8G1JyECqRzM2YO6tMmMji3Ad9Mw6AW7vnZMti90qlAKb0LqAlJfSVGEdqMMNzKg==",
            "requires": {
                "vscode-jsonrpc": "8.0.1",
                "vscode-languageserver-types": "3.17.1"
            }
        },
        "vscode-languageserver-textdocument": {
            "version": "1.0.5",
            "resolved": "https://registry.npmjs.org/vscode-languageserver-textdocument/-/vscode-languageserver-textdocument-1.0.5.tgz",
            "integrity": "sha512-1ah7zyQjKBudnMiHbZmxz5bYNM9KKZYz+5VQLj+yr8l+9w3g+WAhCkUkWbhMEdC5u0ub4Ndiye/fDyS8ghIKQg=="
        },
        "vscode-languageserver-types": {
            "version": "3.17.1",
            "resolved": "https://registry.npmjs.org/vscode-languageserver-types/-/vscode-languageserver-types-3.17.1.tgz",
            "integrity": "sha512-K3HqVRPElLZVVPtMeKlsyL9aK0GxGQpvtAUTfX4k7+iJ4mc1M+JM+zQwkgGy2LzY0f0IAafe8MKqIkJrxfGGjQ=="
        }
    }
}
