{
    "name": "lsp-prisma",
    "version": "31.0.714",
    "lockfileVersion": 2,
    "requires": true,
    "packages": {
        "": {
            "name": "lsp-prisma",
            "dependencies": {
                "@prisma/language-server": "31.11.0"
            }
        },
        "node_modules/@prisma/config": {
            "version": "7.9.0-dev.4",
            "resolved": "https://registry.npmjs.org/@prisma/config/-/config-7.9.0-dev.4.tgz",
            "integrity": "sha512-/8Oq1I48iCEXjkwsXvwTrVQmH+I7s6FSRvYomm5VEMh7L9ZtNZkwElVek/Eaxjv+iRu2J3upDTrQuLmL/Vq7AQ==",
            "dependencies": {
                "c12": "3.3.4",
                "deepmerge-ts": "7.1.5",
                "effect": "3.20.0",
                "empathic": "2.0.0"
            }
        },
        "node_modules/@prisma/language-server": {
            "version": "31.11.0",
            "resolved": "https://registry.npmjs.org/@prisma/language-server/-/language-server-31.11.0.tgz",
            "integrity": "sha512-MdTwul5ZinbcWGCmTGK5X78Em/byyGhj1dGjd7uTu2/yb6HAF26ayVjAmGgL1yu6bI7mbBJl2o3KXTcaC+d54A==",
            "license": "Apache-2.0",
            "dependencies": {
                "@prisma/config": "7.9.0-dev.4",
                "@prisma/prisma-schema-wasm": "7.8.0-6.3c6e192761c0362d496ed980de936e2f3cebcd3a",
                "@prisma/schema-files-loader": "7.9.0-dev.4",
                "@types/js-levenshtein": "1.1.3",
                "js-levenshtein": "1.1.6",
                "klona": "2.0.6",
                "vscode-languageserver": "8.1.0",
                "vscode-languageserver-textdocument": "1.0.11",
                "vscode-uri": "^3.0.8"
            },
            "bin": {
                "prisma-language-server": "dist/bin.js"
            },
            "engines": {
                "node": ">=20"
            }
        },
        "node_modules/@prisma/prisma-schema-wasm": {
            "version": "7.8.0-6.3c6e192761c0362d496ed980de936e2f3cebcd3a",
            "resolved": "https://registry.npmjs.org/@prisma/prisma-schema-wasm/-/prisma-schema-wasm-7.8.0-6.3c6e192761c0362d496ed980de936e2f3cebcd3a.tgz",
            "integrity": "sha512-yyKNwOSaxExepEI+pWwESbDNRSIhzE53PXD6YaEvY7cNl39qOIMjWJCIXMDwZQpt5ixDkL/sesWYg3XxCmBkZQ=="
        },
        "node_modules/@prisma/schema-files-loader": {
            "version": "7.9.0-dev.4",
            "resolved": "https://registry.npmjs.org/@prisma/schema-files-loader/-/schema-files-loader-7.9.0-dev.4.tgz",
            "integrity": "sha512-APiVjNmgHcJ4+mUxbR9JhhqN3wgXoVHr9xBdL/w2ATBLiioMts91Oit2ePRQWGqgqnW918INessR5jazYYpkZg==",
            "dependencies": {
                "@prisma/prisma-schema-wasm": "7.8.0-6.3c6e192761c0362d496ed980de936e2f3cebcd3a",
                "fs-extra": "11.3.0"
            }
        },
        "node_modules/@standard-schema/spec": {
            "version": "1.1.0",
            "resolved": "https://registry.npmjs.org/@standard-schema/spec/-/spec-1.1.0.tgz",
            "integrity": "sha512-l2aFy5jALhniG5HgqrD6jXLi/rUWrKvqN/qJx6yoJsgKhblVd+iqqU4RCXavm/jPityDo5TCvKMnpjKnOriy0w=="
        },
        "node_modules/@types/js-levenshtein": {
            "version": "1.1.3",
            "resolved": "https://registry.npmjs.org/@types/js-levenshtein/-/js-levenshtein-1.1.3.tgz",
            "integrity": "sha512-jd+Q+sD20Qfu9e2aEXogiO3vpOC1PYJOUdyN9gvs4Qrvkg4wF43L5OhqrPeokdv8TL0/mXoYfpkcoGZMNN2pkQ=="
        },
        "node_modules/c12": {
            "version": "3.3.4",
            "resolved": "https://registry.npmjs.org/c12/-/c12-3.3.4.tgz",
            "integrity": "sha512-cM0ApFQSBXuourJejzwv/AuPRvAxordTyParRVcHjjtXirtkzM0uK2L9TTn9s0cXZbG7E55jCivRQzoxYmRAlA==",
            "dependencies": {
                "chokidar": "^5.0.0",
                "confbox": "^0.2.4",
                "defu": "^6.1.6",
                "dotenv": "^17.3.1",
                "exsolve": "^1.0.8",
                "giget": "^3.2.0",
                "jiti": "^2.6.1",
                "ohash": "^2.0.11",
                "pathe": "^2.0.3",
                "perfect-debounce": "^2.1.0",
                "pkg-types": "^2.3.0",
                "rc9": "^3.0.1"
            },
            "peerDependencies": {
                "magicast": "*"
            },
            "peerDependenciesMeta": {
                "magicast": {
                    "optional": true
                }
            }
        },
        "node_modules/chokidar": {
            "version": "5.0.0",
            "resolved": "https://registry.npmjs.org/chokidar/-/chokidar-5.0.0.tgz",
            "integrity": "sha512-TQMmc3w+5AxjpL8iIiwebF73dRDF4fBIieAqGn9RGCWaEVwQ6Fb2cGe31Yns0RRIzii5goJ1Y7xbMwo1TxMplw==",
            "dependencies": {
                "readdirp": "^5.0.0"
            },
            "engines": {
                "node": ">= 20.19.0"
            },
            "funding": {
                "url": "https://paulmillr.com/funding/"
            }
        },
        "node_modules/confbox": {
            "version": "0.2.4",
            "resolved": "https://registry.npmjs.org/confbox/-/confbox-0.2.4.tgz",
            "integrity": "sha512-ysOGlgTFbN2/Y6Cg3Iye8YKulHw+R2fNXHrgSmXISQdMnomY6eNDprVdW9R5xBguEqI954+S6709UyiO7B+6OQ=="
        },
        "node_modules/deepmerge-ts": {
            "version": "7.1.5",
            "resolved": "https://registry.npmjs.org/deepmerge-ts/-/deepmerge-ts-7.1.5.tgz",
            "integrity": "sha512-HOJkrhaYsweh+W+e74Yn7YStZOilkoPb6fycpwNLKzSPtruFs48nYis0zy5yJz1+ktUhHxoRDJ27RQAWLIJVJw==",
            "engines": {
                "node": ">=16.0.0"
            }
        },
        "node_modules/defu": {
            "version": "6.1.7",
            "resolved": "https://registry.npmjs.org/defu/-/defu-6.1.7.tgz",
            "integrity": "sha512-7z22QmUWiQ/2d0KkdYmANbRUVABpZ9SNYyH5vx6PZ+nE5bcC0l7uFvEfHlyld/HcGBFTL536ClDt3DEcSlEJAQ=="
        },
        "node_modules/destr": {
            "version": "2.0.5",
            "resolved": "https://registry.npmjs.org/destr/-/destr-2.0.5.tgz",
            "integrity": "sha512-ugFTXCtDZunbzasqBxrK93Ik/DRYsO6S/fedkWEMKqt04xZ4csmnmwGDBAb07QWNaGMAmnTIemsYZCksjATwsA=="
        },
        "node_modules/dotenv": {
            "version": "17.4.2",
            "resolved": "https://registry.npmjs.org/dotenv/-/dotenv-17.4.2.tgz",
            "integrity": "sha512-nI4U3TottKAcAD9LLud4Cb7b2QztQMUEfHbvhTH09bqXTxnSie8WnjPALV/WMCrJZ6UV/qHJ6L03OqO3LcdYZw==",
            "engines": {
                "node": ">=12"
            },
            "funding": {
                "url": "https://dotenvx.com"
            }
        },
        "node_modules/effect": {
            "version": "3.20.0",
            "resolved": "https://registry.npmjs.org/effect/-/effect-3.20.0.tgz",
            "integrity": "sha512-qMLfDJscrNG8p/aw+IkT9W7fgj50Z4wG5bLBy0Txsxz8iUHjDIkOgO3SV0WZfnQbNG2VJYb0b+rDLMrhM4+Krw==",
            "dependencies": {
                "@standard-schema/spec": "^1.0.0",
                "fast-check": "^3.23.1"
            }
        },
        "node_modules/empathic": {
            "version": "2.0.0",
            "resolved": "https://registry.npmjs.org/empathic/-/empathic-2.0.0.tgz",
            "integrity": "sha512-i6UzDscO/XfAcNYD75CfICkmfLedpyPDdozrLMmQc5ORaQcdMoc21OnlEylMIqI7U8eniKrPMxxtj8k0vhmJhA==",
            "engines": {
                "node": ">=14"
            }
        },
        "node_modules/exsolve": {
            "version": "1.0.8",
            "resolved": "https://registry.npmjs.org/exsolve/-/exsolve-1.0.8.tgz",
            "integrity": "sha512-LmDxfWXwcTArk8fUEnOfSZpHOJ6zOMUJKOtFLFqJLoKJetuQG874Uc7/Kki7zFLzYybmZhp1M7+98pfMqeX8yA=="
        },
        "node_modules/fast-check": {
            "version": "3.23.2",
            "resolved": "https://registry.npmjs.org/fast-check/-/fast-check-3.23.2.tgz",
            "integrity": "sha512-h5+1OzzfCC3Ef7VbtKdcv7zsstUQwUDlYpUTvjeUsJAssPgLn7QzbboPtL5ro04Mq0rPOsMzl7q5hIbRs2wD1A==",
            "funding": [
                {
                    "type": "individual",
                    "url": "https://github.com/sponsors/dubzzz"
                },
                {
                    "type": "opencollective",
                    "url": "https://opencollective.com/fast-check"
                }
            ],
            "dependencies": {
                "pure-rand": "^6.1.0"
            },
            "engines": {
                "node": ">=8.0.0"
            }
        },
        "node_modules/fs-extra": {
            "version": "11.3.0",
            "resolved": "https://registry.npmjs.org/fs-extra/-/fs-extra-11.3.0.tgz",
            "integrity": "sha512-Z4XaCL6dUDHfP/jT25jJKMmtxvuwbkrD1vNSMFlo9lNLY2c5FHYSQgHPRZUjAB26TpDEoW9HCOgplrdbaPV/ew==",
            "dependencies": {
                "graceful-fs": "^4.2.0",
                "jsonfile": "^6.0.1",
                "universalify": "^2.0.0"
            },
            "engines": {
                "node": ">=14.14"
            }
        },
        "node_modules/giget": {
            "version": "3.2.0",
            "resolved": "https://registry.npmjs.org/giget/-/giget-3.2.0.tgz",
            "integrity": "sha512-GvHTWcykIR/fP8cj8dMpuMMkvaeJfPvYnhq0oW+chSeIr+ldX21ifU2Ms6KBoyKZQZmVaUAAhQ2EZ68KJF8a7A==",
            "bin": {
                "giget": "dist/cli.mjs"
            }
        },
        "node_modules/graceful-fs": {
            "version": "4.2.11",
            "resolved": "https://registry.npmjs.org/graceful-fs/-/graceful-fs-4.2.11.tgz",
            "integrity": "sha512-RbJ5/jmFcNNCcDV5o9eTnBLJ/HszWV0P73bc+Ff4nS/rJj+YaS6IGyiOL0VoBYX+l1Wrl3k63h/KrH+nhJ0XvQ=="
        },
        "node_modules/jiti": {
            "version": "2.7.0",
            "resolved": "https://registry.npmjs.org/jiti/-/jiti-2.7.0.tgz",
            "integrity": "sha512-AC/7JofJvZGrrneWNaEnJeOLUx+JlGt7tNa0wZiRPT4MY1wmfKjt2+6O2p2uz2+skll8OZZmJMNqeke7kKbNgQ==",
            "bin": {
                "jiti": "lib/jiti-cli.mjs"
            }
        },
        "node_modules/js-levenshtein": {
            "version": "1.1.6",
            "resolved": "https://registry.npmjs.org/js-levenshtein/-/js-levenshtein-1.1.6.tgz",
            "integrity": "sha512-X2BB11YZtrRqY4EnQcLX5Rh373zbK4alC1FW7D7MBhL2gtcC17cTnr6DmfHZeS0s2rTHjUTMMHfG7gO8SSdw+g==",
            "engines": {
                "node": ">=0.10.0"
            }
        },
        "node_modules/jsonfile": {
            "version": "6.2.1",
            "resolved": "https://registry.npmjs.org/jsonfile/-/jsonfile-6.2.1.tgz",
            "integrity": "sha512-zwOTdL3rFQ/lRdBnntKVOX6k5cKJwEc1HdilT71BWEu7J41gXIB2MRp+vxduPSwZJPWBxEzv4yH1wYLJGUHX4Q==",
            "dependencies": {
                "universalify": "^2.0.0"
            },
            "optionalDependencies": {
                "graceful-fs": "^4.1.6"
            }
        },
        "node_modules/klona": {
            "version": "2.0.6",
            "resolved": "https://registry.npmjs.org/klona/-/klona-2.0.6.tgz",
            "integrity": "sha512-dhG34DXATL5hSxJbIexCft8FChFXtmskoZYnoPWjXQuebWYCNkVeV3KkGegCK9CP1oswI/vQibS2GY7Em/sJJA==",
            "engines": {
                "node": ">= 8"
            }
        },
        "node_modules/ohash": {
            "version": "2.0.11",
            "resolved": "https://registry.npmjs.org/ohash/-/ohash-2.0.11.tgz",
            "integrity": "sha512-RdR9FQrFwNBNXAr4GixM8YaRZRJ5PUWbKYbE5eOsrwAjJW0q2REGcf79oYPsLyskQCZG1PLN+S/K1V00joZAoQ=="
        },
        "node_modules/pathe": {
            "version": "2.0.3",
            "resolved": "https://registry.npmjs.org/pathe/-/pathe-2.0.3.tgz",
            "integrity": "sha512-WUjGcAqP1gQacoQe+OBJsFA7Ld4DyXuUIjZ5cc75cLHvJ7dtNsTugphxIADwspS+AraAUePCKrSVtPLFj/F88w=="
        },
        "node_modules/perfect-debounce": {
            "version": "2.1.0",
            "resolved": "https://registry.npmjs.org/perfect-debounce/-/perfect-debounce-2.1.0.tgz",
            "integrity": "sha512-LjgdTytVFXeUgtHZr9WYViYSM/g8MkcTPYDlPa3cDqMirHjKiSZPYd6DoL7pK8AJQr+uWkQvCjHNdiMqsrJs+g=="
        },
        "node_modules/pkg-types": {
            "version": "2.3.1",
            "resolved": "https://registry.npmjs.org/pkg-types/-/pkg-types-2.3.1.tgz",
            "integrity": "sha512-y+ichcgc2LrADuhLNAx8DFjVfgz91pRxfZdI3UDhxHvcVEZsenLO+7XaU5vOp0u/7V/wZ+plyuQxtrDlZJ+yeg==",
            "dependencies": {
                "confbox": "^0.2.4",
                "exsolve": "^1.0.8",
                "pathe": "^2.0.3"
            }
        },
        "node_modules/pure-rand": {
            "version": "6.1.0",
            "resolved": "https://registry.npmjs.org/pure-rand/-/pure-rand-6.1.0.tgz",
            "integrity": "sha512-bVWawvoZoBYpp6yIoQtQXHZjmz35RSVHnUOTefl8Vcjr8snTPY1wnpSPMWekcFwbxI6gtmT7rSYPFvz71ldiOA==",
            "funding": [
                {
                    "type": "individual",
                    "url": "https://github.com/sponsors/dubzzz"
                },
                {
                    "type": "opencollective",
                    "url": "https://opencollective.com/fast-check"
                }
            ]
        },
        "node_modules/rc9": {
            "version": "3.0.1",
            "resolved": "https://registry.npmjs.org/rc9/-/rc9-3.0.1.tgz",
            "integrity": "sha512-gMDyleLWVE+i6Sgtc0QbbY6pEKqYs97NGi6isHQPqYlLemPoO8dxQ3uGi0f4NiP98c+jMW6cG1Kx9dDwfvqARQ==",
            "dependencies": {
                "defu": "^6.1.6",
                "destr": "^2.0.5"
            }
        },
        "node_modules/readdirp": {
            "version": "5.0.0",
            "resolved": "https://registry.npmjs.org/readdirp/-/readdirp-5.0.0.tgz",
            "integrity": "sha512-9u/XQ1pvrQtYyMpZe7DXKv2p5CNvyVwzUB6uhLAnQwHMSgKMBR62lc7AHljaeteeHXn11XTAaLLUVZYVZyuRBQ==",
            "engines": {
                "node": ">= 20.19.0"
            },
            "funding": {
                "type": "individual",
                "url": "https://paulmillr.com/funding/"
            }
        },
        "node_modules/universalify": {
            "version": "2.0.1",
            "resolved": "https://registry.npmjs.org/universalify/-/universalify-2.0.1.tgz",
            "integrity": "sha512-gptHNQghINnc/vTGIk0SOFGFNXw7JVrlRUtConJRlvaw6DuX0wO5Jeko9sWrMBhh+PsYAZ7oXAiOnf/UKogyiw==",
            "engines": {
                "node": ">= 10.0.0"
            }
        },
        "node_modules/vscode-jsonrpc": {
            "version": "8.1.0",
            "resolved": "https://registry.npmjs.org/vscode-jsonrpc/-/vscode-jsonrpc-8.1.0.tgz",
            "integrity": "sha512-6TDy/abTQk+zDGYazgbIPc+4JoXdwC8NHU9Pbn4UJP1fehUyZmM4RHp5IthX7A6L5KS30PRui+j+tbbMMMafdw==",
            "engines": {
                "node": ">=14.0.0"
            }
        },
        "node_modules/vscode-languageserver": {
            "version": "8.1.0",
            "resolved": "https://registry.npmjs.org/vscode-languageserver/-/vscode-languageserver-8.1.0.tgz",
            "integrity": "sha512-eUt8f1z2N2IEUDBsKaNapkz7jl5QpskN2Y0G01T/ItMxBxw1fJwvtySGB9QMecatne8jFIWJGWI61dWjyTLQsw==",
            "dependencies": {
                "vscode-languageserver-protocol": "3.17.3"
            },
            "bin": {
                "installServerIntoExtension": "bin/installServerIntoExtension"
            }
        },
        "node_modules/vscode-languageserver-protocol": {
            "version": "3.17.3",
            "resolved": "https://registry.npmjs.org/vscode-languageserver-protocol/-/vscode-languageserver-protocol-3.17.3.tgz",
            "integrity": "sha512-924/h0AqsMtA5yK22GgMtCYiMdCOtWTSGgUOkgEDX+wk2b0x4sAfLiO4NxBxqbiVtz7K7/1/RgVrVI0NClZwqA==",
            "dependencies": {
                "vscode-jsonrpc": "8.1.0",
                "vscode-languageserver-types": "3.17.3"
            }
        },
        "node_modules/vscode-languageserver-textdocument": {
            "version": "1.0.11",
            "resolved": "https://registry.npmjs.org/vscode-languageserver-textdocument/-/vscode-languageserver-textdocument-1.0.11.tgz",
            "integrity": "sha512-X+8T3GoiwTVlJbicx/sIAF+yuJAqz8VvwJyoMVhwEMoEKE/fkDmrqUgDMyBECcM2A2frVZIUj5HI/ErRXCfOeA=="
        },
        "node_modules/vscode-languageserver-types": {
            "version": "3.17.3",
            "resolved": "https://registry.npmjs.org/vscode-languageserver-types/-/vscode-languageserver-types-3.17.3.tgz",
            "integrity": "sha512-SYU4z1dL0PyIMd4Vj8YOqFvHu7Hz/enbWtpfnVbJHU4Nd1YNYx8u0ennumc6h48GQNeOLxmwySmnADouT/AuZA=="
        },
        "node_modules/vscode-uri": {
            "version": "3.0.8",
            "resolved": "https://registry.npmjs.org/vscode-uri/-/vscode-uri-3.0.8.tgz",
            "integrity": "sha512-AyFQ0EVmsOZOlAnxoFOGOq1SQDWAB7C6aqMGS23svWAllfOaxbuFvcT8D1i8z3Gyn8fraVeZNNmN6e9bxxXkKw=="
        }
    },
    "dependencies": {
        "@prisma/config": {
            "version": "7.9.0-dev.4",
            "resolved": "https://registry.npmjs.org/@prisma/config/-/config-7.9.0-dev.4.tgz",
            "integrity": "sha512-/8Oq1I48iCEXjkwsXvwTrVQmH+I7s6FSRvYomm5VEMh7L9ZtNZkwElVek/Eaxjv+iRu2J3upDTrQuLmL/Vq7AQ==",
            "requires": {
                "c12": "3.3.4",
                "deepmerge-ts": "7.1.5",
                "effect": "3.20.0",
                "empathic": "2.0.0"
            }
        },
        "@prisma/language-server": {
            "version": "31.11.0",
            "resolved": "https://registry.npmjs.org/@prisma/language-server/-/language-server-31.11.0.tgz",
            "integrity": "sha512-MdTwul5ZinbcWGCmTGK5X78Em/byyGhj1dGjd7uTu2/yb6HAF26ayVjAmGgL1yu6bI7mbBJl2o3KXTcaC+d54A==",
            "requires": {
                "@prisma/config": "7.9.0-dev.4",
                "@prisma/prisma-schema-wasm": "7.8.0-6.3c6e192761c0362d496ed980de936e2f3cebcd3a",
                "@prisma/schema-files-loader": "7.9.0-dev.4",
                "@types/js-levenshtein": "1.1.3",
                "js-levenshtein": "1.1.6",
                "klona": "2.0.6",
                "vscode-languageserver": "8.1.0",
                "vscode-languageserver-textdocument": "1.0.11",
                "vscode-uri": "^3.0.8"
            }
        },
        "@prisma/prisma-schema-wasm": {
            "version": "7.8.0-6.3c6e192761c0362d496ed980de936e2f3cebcd3a",
            "resolved": "https://registry.npmjs.org/@prisma/prisma-schema-wasm/-/prisma-schema-wasm-7.8.0-6.3c6e192761c0362d496ed980de936e2f3cebcd3a.tgz",
            "integrity": "sha512-yyKNwOSaxExepEI+pWwESbDNRSIhzE53PXD6YaEvY7cNl39qOIMjWJCIXMDwZQpt5ixDkL/sesWYg3XxCmBkZQ=="
        },
        "@prisma/schema-files-loader": {
            "version": "7.9.0-dev.4",
            "resolved": "https://registry.npmjs.org/@prisma/schema-files-loader/-/schema-files-loader-7.9.0-dev.4.tgz",
            "integrity": "sha512-APiVjNmgHcJ4+mUxbR9JhhqN3wgXoVHr9xBdL/w2ATBLiioMts91Oit2ePRQWGqgqnW918INessR5jazYYpkZg==",
            "requires": {
                "@prisma/prisma-schema-wasm": "7.8.0-6.3c6e192761c0362d496ed980de936e2f3cebcd3a",
                "fs-extra": "11.3.0"
            }
        },
        "@standard-schema/spec": {
            "version": "1.1.0",
            "resolved": "https://registry.npmjs.org/@standard-schema/spec/-/spec-1.1.0.tgz",
            "integrity": "sha512-l2aFy5jALhniG5HgqrD6jXLi/rUWrKvqN/qJx6yoJsgKhblVd+iqqU4RCXavm/jPityDo5TCvKMnpjKnOriy0w=="
        },
        "@types/js-levenshtein": {
            "version": "1.1.3",
            "resolved": "https://registry.npmjs.org/@types/js-levenshtein/-/js-levenshtein-1.1.3.tgz",
            "integrity": "sha512-jd+Q+sD20Qfu9e2aEXogiO3vpOC1PYJOUdyN9gvs4Qrvkg4wF43L5OhqrPeokdv8TL0/mXoYfpkcoGZMNN2pkQ=="
        },
        "c12": {
            "version": "3.3.4",
            "resolved": "https://registry.npmjs.org/c12/-/c12-3.3.4.tgz",
            "integrity": "sha512-cM0ApFQSBXuourJejzwv/AuPRvAxordTyParRVcHjjtXirtkzM0uK2L9TTn9s0cXZbG7E55jCivRQzoxYmRAlA==",
            "requires": {
                "chokidar": "^5.0.0",
                "confbox": "^0.2.4",
                "defu": "^6.1.6",
                "dotenv": "^17.3.1",
                "exsolve": "^1.0.8",
                "giget": "^3.2.0",
                "jiti": "^2.6.1",
                "ohash": "^2.0.11",
                "pathe": "^2.0.3",
                "perfect-debounce": "^2.1.0",
                "pkg-types": "^2.3.0",
                "rc9": "^3.0.1"
            }
        },
        "chokidar": {
            "version": "5.0.0",
            "resolved": "https://registry.npmjs.org/chokidar/-/chokidar-5.0.0.tgz",
            "integrity": "sha512-TQMmc3w+5AxjpL8iIiwebF73dRDF4fBIieAqGn9RGCWaEVwQ6Fb2cGe31Yns0RRIzii5goJ1Y7xbMwo1TxMplw==",
            "requires": {
                "readdirp": "^5.0.0"
            }
        },
        "confbox": {
            "version": "0.2.4",
            "resolved": "https://registry.npmjs.org/confbox/-/confbox-0.2.4.tgz",
            "integrity": "sha512-ysOGlgTFbN2/Y6Cg3Iye8YKulHw+R2fNXHrgSmXISQdMnomY6eNDprVdW9R5xBguEqI954+S6709UyiO7B+6OQ=="
        },
        "deepmerge-ts": {
            "version": "7.1.5",
            "resolved": "https://registry.npmjs.org/deepmerge-ts/-/deepmerge-ts-7.1.5.tgz",
            "integrity": "sha512-HOJkrhaYsweh+W+e74Yn7YStZOilkoPb6fycpwNLKzSPtruFs48nYis0zy5yJz1+ktUhHxoRDJ27RQAWLIJVJw=="
        },
        "defu": {
            "version": "6.1.7",
            "resolved": "https://registry.npmjs.org/defu/-/defu-6.1.7.tgz",
            "integrity": "sha512-7z22QmUWiQ/2d0KkdYmANbRUVABpZ9SNYyH5vx6PZ+nE5bcC0l7uFvEfHlyld/HcGBFTL536ClDt3DEcSlEJAQ=="
        },
        "destr": {
            "version": "2.0.5",
            "resolved": "https://registry.npmjs.org/destr/-/destr-2.0.5.tgz",
            "integrity": "sha512-ugFTXCtDZunbzasqBxrK93Ik/DRYsO6S/fedkWEMKqt04xZ4csmnmwGDBAb07QWNaGMAmnTIemsYZCksjATwsA=="
        },
        "dotenv": {
            "version": "17.4.2",
            "resolved": "https://registry.npmjs.org/dotenv/-/dotenv-17.4.2.tgz",
            "integrity": "sha512-nI4U3TottKAcAD9LLud4Cb7b2QztQMUEfHbvhTH09bqXTxnSie8WnjPALV/WMCrJZ6UV/qHJ6L03OqO3LcdYZw=="
        },
        "effect": {
            "version": "3.20.0",
            "resolved": "https://registry.npmjs.org/effect/-/effect-3.20.0.tgz",
            "integrity": "sha512-qMLfDJscrNG8p/aw+IkT9W7fgj50Z4wG5bLBy0Txsxz8iUHjDIkOgO3SV0WZfnQbNG2VJYb0b+rDLMrhM4+Krw==",
            "requires": {
                "@standard-schema/spec": "^1.0.0",
                "fast-check": "^3.23.1"
            }
        },
        "empathic": {
            "version": "2.0.0",
            "resolved": "https://registry.npmjs.org/empathic/-/empathic-2.0.0.tgz",
            "integrity": "sha512-i6UzDscO/XfAcNYD75CfICkmfLedpyPDdozrLMmQc5ORaQcdMoc21OnlEylMIqI7U8eniKrPMxxtj8k0vhmJhA=="
        },
        "exsolve": {
            "version": "1.0.8",
            "resolved": "https://registry.npmjs.org/exsolve/-/exsolve-1.0.8.tgz",
            "integrity": "sha512-LmDxfWXwcTArk8fUEnOfSZpHOJ6zOMUJKOtFLFqJLoKJetuQG874Uc7/Kki7zFLzYybmZhp1M7+98pfMqeX8yA=="
        },
        "fast-check": {
            "version": "3.23.2",
            "resolved": "https://registry.npmjs.org/fast-check/-/fast-check-3.23.2.tgz",
            "integrity": "sha512-h5+1OzzfCC3Ef7VbtKdcv7zsstUQwUDlYpUTvjeUsJAssPgLn7QzbboPtL5ro04Mq0rPOsMzl7q5hIbRs2wD1A==",
            "requires": {
                "pure-rand": "^6.1.0"
            }
        },
        "fs-extra": {
            "version": "11.3.0",
            "resolved": "https://registry.npmjs.org/fs-extra/-/fs-extra-11.3.0.tgz",
            "integrity": "sha512-Z4XaCL6dUDHfP/jT25jJKMmtxvuwbkrD1vNSMFlo9lNLY2c5FHYSQgHPRZUjAB26TpDEoW9HCOgplrdbaPV/ew==",
            "requires": {
                "graceful-fs": "^4.2.0",
                "jsonfile": "^6.0.1",
                "universalify": "^2.0.0"
            }
        },
        "giget": {
            "version": "3.2.0",
            "resolved": "https://registry.npmjs.org/giget/-/giget-3.2.0.tgz",
            "integrity": "sha512-GvHTWcykIR/fP8cj8dMpuMMkvaeJfPvYnhq0oW+chSeIr+ldX21ifU2Ms6KBoyKZQZmVaUAAhQ2EZ68KJF8a7A=="
        },
        "graceful-fs": {
            "version": "4.2.11",
            "resolved": "https://registry.npmjs.org/graceful-fs/-/graceful-fs-4.2.11.tgz",
            "integrity": "sha512-RbJ5/jmFcNNCcDV5o9eTnBLJ/HszWV0P73bc+Ff4nS/rJj+YaS6IGyiOL0VoBYX+l1Wrl3k63h/KrH+nhJ0XvQ=="
        },
        "jiti": {
            "version": "2.7.0",
            "resolved": "https://registry.npmjs.org/jiti/-/jiti-2.7.0.tgz",
            "integrity": "sha512-AC/7JofJvZGrrneWNaEnJeOLUx+JlGt7tNa0wZiRPT4MY1wmfKjt2+6O2p2uz2+skll8OZZmJMNqeke7kKbNgQ=="
        },
        "js-levenshtein": {
            "version": "1.1.6",
            "resolved": "https://registry.npmjs.org/js-levenshtein/-/js-levenshtein-1.1.6.tgz",
            "integrity": "sha512-X2BB11YZtrRqY4EnQcLX5Rh373zbK4alC1FW7D7MBhL2gtcC17cTnr6DmfHZeS0s2rTHjUTMMHfG7gO8SSdw+g=="
        },
        "jsonfile": {
            "version": "6.2.1",
            "resolved": "https://registry.npmjs.org/jsonfile/-/jsonfile-6.2.1.tgz",
            "integrity": "sha512-zwOTdL3rFQ/lRdBnntKVOX6k5cKJwEc1HdilT71BWEu7J41gXIB2MRp+vxduPSwZJPWBxEzv4yH1wYLJGUHX4Q==",
            "requires": {
                "graceful-fs": "^4.1.6",
                "universalify": "^2.0.0"
            }
        },
        "klona": {
            "version": "2.0.6",
            "resolved": "https://registry.npmjs.org/klona/-/klona-2.0.6.tgz",
            "integrity": "sha512-dhG34DXATL5hSxJbIexCft8FChFXtmskoZYnoPWjXQuebWYCNkVeV3KkGegCK9CP1oswI/vQibS2GY7Em/sJJA=="
        },
        "ohash": {
            "version": "2.0.11",
            "resolved": "https://registry.npmjs.org/ohash/-/ohash-2.0.11.tgz",
            "integrity": "sha512-RdR9FQrFwNBNXAr4GixM8YaRZRJ5PUWbKYbE5eOsrwAjJW0q2REGcf79oYPsLyskQCZG1PLN+S/K1V00joZAoQ=="
        },
        "pathe": {
            "version": "2.0.3",
            "resolved": "https://registry.npmjs.org/pathe/-/pathe-2.0.3.tgz",
            "integrity": "sha512-WUjGcAqP1gQacoQe+OBJsFA7Ld4DyXuUIjZ5cc75cLHvJ7dtNsTugphxIADwspS+AraAUePCKrSVtPLFj/F88w=="
        },
        "perfect-debounce": {
            "version": "2.1.0",
            "resolved": "https://registry.npmjs.org/perfect-debounce/-/perfect-debounce-2.1.0.tgz",
            "integrity": "sha512-LjgdTytVFXeUgtHZr9WYViYSM/g8MkcTPYDlPa3cDqMirHjKiSZPYd6DoL7pK8AJQr+uWkQvCjHNdiMqsrJs+g=="
        },
        "pkg-types": {
            "version": "2.3.1",
            "resolved": "https://registry.npmjs.org/pkg-types/-/pkg-types-2.3.1.tgz",
            "integrity": "sha512-y+ichcgc2LrADuhLNAx8DFjVfgz91pRxfZdI3UDhxHvcVEZsenLO+7XaU5vOp0u/7V/wZ+plyuQxtrDlZJ+yeg==",
            "requires": {
                "confbox": "^0.2.4",
                "exsolve": "^1.0.8",
                "pathe": "^2.0.3"
            }
        },
        "pure-rand": {
            "version": "6.1.0",
            "resolved": "https://registry.npmjs.org/pure-rand/-/pure-rand-6.1.0.tgz",
            "integrity": "sha512-bVWawvoZoBYpp6yIoQtQXHZjmz35RSVHnUOTefl8Vcjr8snTPY1wnpSPMWekcFwbxI6gtmT7rSYPFvz71ldiOA=="
        },
        "rc9": {
            "version": "3.0.1",
            "resolved": "https://registry.npmjs.org/rc9/-/rc9-3.0.1.tgz",
            "integrity": "sha512-gMDyleLWVE+i6Sgtc0QbbY6pEKqYs97NGi6isHQPqYlLemPoO8dxQ3uGi0f4NiP98c+jMW6cG1Kx9dDwfvqARQ==",
            "requires": {
                "defu": "^6.1.6",
                "destr": "^2.0.5"
            }
        },
        "readdirp": {
            "version": "5.0.0",
            "resolved": "https://registry.npmjs.org/readdirp/-/readdirp-5.0.0.tgz",
            "integrity": "sha512-9u/XQ1pvrQtYyMpZe7DXKv2p5CNvyVwzUB6uhLAnQwHMSgKMBR62lc7AHljaeteeHXn11XTAaLLUVZYVZyuRBQ=="
        },
        "universalify": {
            "version": "2.0.1",
            "resolved": "https://registry.npmjs.org/universalify/-/universalify-2.0.1.tgz",
            "integrity": "sha512-gptHNQghINnc/vTGIk0SOFGFNXw7JVrlRUtConJRlvaw6DuX0wO5Jeko9sWrMBhh+PsYAZ7oXAiOnf/UKogyiw=="
        },
        "vscode-jsonrpc": {
            "version": "8.1.0",
            "resolved": "https://registry.npmjs.org/vscode-jsonrpc/-/vscode-jsonrpc-8.1.0.tgz",
            "integrity": "sha512-6TDy/abTQk+zDGYazgbIPc+4JoXdwC8NHU9Pbn4UJP1fehUyZmM4RHp5IthX7A6L5KS30PRui+j+tbbMMMafdw=="
        },
        "vscode-languageserver": {
            "version": "8.1.0",
            "resolved": "https://registry.npmjs.org/vscode-languageserver/-/vscode-languageserver-8.1.0.tgz",
            "integrity": "sha512-eUt8f1z2N2IEUDBsKaNapkz7jl5QpskN2Y0G01T/ItMxBxw1fJwvtySGB9QMecatne8jFIWJGWI61dWjyTLQsw==",
            "requires": {
                "vscode-languageserver-protocol": "3.17.3"
            }
        },
        "vscode-languageserver-protocol": {
            "version": "3.17.3",
            "resolved": "https://registry.npmjs.org/vscode-languageserver-protocol/-/vscode-languageserver-protocol-3.17.3.tgz",
            "integrity": "sha512-924/h0AqsMtA5yK22GgMtCYiMdCOtWTSGgUOkgEDX+wk2b0x4sAfLiO4NxBxqbiVtz7K7/1/RgVrVI0NClZwqA==",
            "requires": {
                "vscode-jsonrpc": "8.1.0",
                "vscode-languageserver-types": "3.17.3"
            }
        },
        "vscode-languageserver-textdocument": {
            "version": "1.0.11",
            "resolved": "https://registry.npmjs.org/vscode-languageserver-textdocument/-/vscode-languageserver-textdocument-1.0.11.tgz",
            "integrity": "sha512-X+8T3GoiwTVlJbicx/sIAF+yuJAqz8VvwJyoMVhwEMoEKE/fkDmrqUgDMyBECcM2A2frVZIUj5HI/ErRXCfOeA=="
        },
        "vscode-languageserver-types": {
            "version": "3.17.3",
            "resolved": "https://registry.npmjs.org/vscode-languageserver-types/-/vscode-languageserver-types-3.17.3.tgz",
            "integrity": "sha512-SYU4z1dL0PyIMd4Vj8YOqFvHu7Hz/enbWtpfnVbJHU4Nd1YNYx8u0ennumc6h48GQNeOLxmwySmnADouT/AuZA=="
        },
        "vscode-uri": {
            "version": "3.0.8",
            "resolved": "https://registry.npmjs.org/vscode-uri/-/vscode-uri-3.0.8.tgz",
            "integrity": "sha512-AyFQ0EVmsOZOlAnxoFOGOq1SQDWAB7C6aqMGS23svWAllfOaxbuFvcT8D1i8z3Gyn8fraVeZNNmN6e9bxxXkKw=="
        }
    }
}
